
Microsoft Visual Studio Solution File, Format Version 12.00
# Visual Studio 15
VisualStudioVersion = 15.0.27703.2042
MinimumVisualStudioVersion = 10.0.40219.1
Project("{2150E333-8FDC-42A3-9474-1A3956D46DE8}") = "Solution Items", "Solution Items", "{EA45EC9A-7AB3-4F1A-AD0B-26D4E68F78F4}"
	ProjectSection(SolutionItems) = preProject
		README.md = README.md
	EndProjectSection
EndProject
Project("{FAE04EC0-301F-11D3-BF4B-00C04F79EFBC}") = "MarketUP.Marketplace.SupplierApi.WebApi", "MarketUP.Marketplace.SupplierApi.WebApi\MarketUP.Marketplace.SupplierApi.WebApi.csproj", "{C2271E96-AC47-47E2-A1FF-496188EC62A7}"
EndProject
Global
	GlobalSection(SolutionConfigurationPlatforms) = preSolution
		Debug|Any CPU = Debug|Any CPU
		Release|Any CPU = Release|Any CPU
	EndGlobalSection
	GlobalSection(ProjectConfigurationPlatforms) = postSolution
		{C2271E96-AC47-47E2-A1FF-496188EC62A7}.Debug|Any CPU.ActiveCfg = Debug|Any CPU
		{C2271E96-AC47-47E2-A1FF-496188EC62A7}.Debug|Any CPU.Build.0 = Debug|Any CPU
		{C2271E96-AC47-47E2-A1FF-496188EC62A7}.Release|Any CPU.ActiveCfg = Release|Any CPU
		{C2271E96-AC47-47E2-A1FF-496188EC62A7}.Release|Any CPU.Build.0 = Release|Any CPU
	EndGlobalSection
	GlobalSection(SolutionProperties) = preSolution
		HideSolutionNode = FALSE
	EndGlobalSection
	GlobalSection(ExtensibilityGlobals) = postSolution
		SolutionGuid = {50D4F155-DD3C-4FDD-A137-69273034E46F}
	EndGlobalSection
EndGlobal
